<?xml version="1.0" encoding="utf-8"?>
<Project ToolsVersion="4.0" xmlns="http://schemas.microsoft.com/developer/msbuild/2003">
  <ItemGroup>
    <Filter Include="Source Files">
      <UniqueIdentifier>{4FC737F1-C7A5-4376-A066-2A32D752A2FF}</UniqueIdentifier>
      <Extensions>cpp;c;cc;cxx;def;odl;idl;hpj;bat;asm;asmx</Extensions>
    </Filter>
    <Filter Include="Header Files">
      <UniqueIdentifier>{93995380-89BD-4b04-88EB-625FBE52EBFB}</UniqueIdentifier>
      <Extensions>h;hh;hpp;hxx;hm;inl;inc;xsd</Extensions>
    </Filter>
    <Filter Include="Resource Files">
      <UniqueIdentifier>{67DA6AB6-F800-4c08-8B7A-83BB121AAD01}</UniqueIdentifier>
      <Extensions>rc;ico;cur;bmp;dlg;rc2;rct;bin;rgs;gif;jpg;jpeg;jpe;resx;tiff;tif;png;wav;mfcribbon-ms</Extensions>
    </Filter>
    <Filter Include="Shader Files">
      <UniqueIdentifier>{cfebd396-c516-4c39-a750-9bf87df5307b}</UniqueIdentifier>
    </Filter>
    <Filter Include="Renderer">
      <UniqueIdentifier>{62f379ef-65d4-464b-953d-4195b7f95c8a}</UniqueIdentifier>
    </Filter>
    <Filter Include="Core">
      <UniqueIdentifier>{5b3c09b7-49ac-4273-bbd1-695e41ceeddc}</UniqueIdentifier>
    </Filter>
    <Filter Include="Core\Sources">
      <UniqueIdentifier>{95fc29d7-1771-4463-974b-ac9f8d9f0a4b}</UniqueIdentifier>
    </Filter>
    <Filter Include="Core\Headers">
      <UniqueIdentifier>{d009f196-3977-447b-ad52-84aa5a734b07}</UniqueIdentifier>
    </Filter>
    <Filter Include="Renderer\Source">
      <UniqueIdentifier>{408c2c14-0128-41d4-aee9-77c335a41a39}</UniqueIdentifier>
    </Filter>
    <Filter Include="Renderer\Header">
      <UniqueIdentifier>{aa16b47e-6ed8-4969-ab79-03e45ef10c50}</UniqueIdentifier>
    </Filter>
    <Filter Include="Physics">
      <UniqueIdentifier>{7975849f-b8fc-4307-9d0a-2525f2738a1f}</UniqueIdentifier>
    </Filter>
    <Filter Include="Physics\Source">
      <UniqueIdentifier>{cc83cd84-1985-4290-994a-b537612feebb}</UniqueIdentifier>
    </Filter>
    <Filter Include="Physics\Header">
      <UniqueIdentifier>{cb816765-8590-4740-8877-acbeda8c0b13}</UniqueIdentifier>
    </Filter>
  </ItemGroup>
  <ItemGroup>
    <ClCompile Include="main.cpp">
      <Filter>Source Files</Filter>
    </ClCompile>
    <ClCompile Include="Component.cpp">
      <Filter>Core\Sources</Filter>
    </ClCompile>
    <ClCompile Include="Space.cpp">
      <Filter>Core\Sources</Filter>
    </ClCompile>
    <ClCompile Include="System.cpp">
      <Filter>Core\Sources</Filter>
    </ClCompile>
    <ClCompile Include="SceneNode.cpp">
      <Filter>Renderer\Source</Filter>
    </ClCompile>
    <ClCompile Include="Camera.cpp">
      <Filter>Renderer\Source</Filter>
    </ClCompile>
    <ClCompile Include="RenderSystem.cpp">
      <Filter>Renderer\Source</Filter>
    </ClCompile>
    <ClCompile Include="RenderComponent.cpp">
      <Filter>Renderer\Source</Filter>
    </ClCompile>
    <ClCompile Include="MeshComponent.cpp">
      <Filter>Renderer\Source</Filter>
    </ClCompile>
    <ClCompile Include="Frustum.cpp">
      <Filter>Renderer\Source</Filter>
    </ClCompile>
    <ClCompile Include="Plane.cpp">
      <Filter>Physics\Source</Filter>
    </ClCompile>
    <ClCompile Include="TransformComponent.cpp">
      <Filter>Physics\Source</Filter>
    </ClCompile>
    <ClCompile Include="PhysicsSystem.cpp">
      <Filter>Physics\Source</Filter>
    </ClCompile>
    <ClCompile Include="ColliderComponent.cpp">
      <Filter>Physics\Source</Filter>
    </ClCompile>
    <ClCompile Include="AABB.cpp">
      <Filter>Physics\Source</Filter>
    </ClCompile>
  </ItemGroup>
  <ItemGroup>
    <None Include="Poly.vert">
      <Filter>Shader Files</Filter>
    </None>
    <None Include="Poly.frag">
      <Filter>Shader Files</Filter>
    </None>
    <None Include="Post.vert">
      <Filter>Shader Files</Filter>
    </None>
    <None Include="Post.frag">
      <Filter>Shader Files</Filter>
    </None>
    <None Include="Geom.vert">
      <Filter>Shader Files</Filter>
    </None>
    <None Include="Geom.frag">
      <Filter>Shader Files</Filter>
    </None>
    <None Include="Geom.geom">
      <Filter>Shader Files</Filter>
    </None>
    <None Include="Main.vert">
      <Filter>Shader Files</Filter>
    </None>
    <None Include="Main.frag">
      <Filter>Shader Files</Filter>
    </None>
  </ItemGroup>
  <ItemGroup>
    <ClInclude Include="Component.hpp">
      <Filter>Core\Headers</Filter>
    </ClInclude>
    <ClInclude Include="Space.hpp">
      <Filter>Core\Headers</Filter>
    </ClInclude>
    <ClInclude Include="System.hpp">
      <Filter>Core\Headers</Filter>
    </ClInclude>
    <ClInclude Include="SceneNode.hpp">
      <Filter>Renderer\Header</Filter>
    </ClInclude>
    <ClInclude Include="Camera.hpp">
      <Filter>Renderer\Header</Filter>
    </ClInclude>
    <ClInclude Include="RenderSystem.hpp">
      <Filter>Renderer\Header</Filter>
    </ClInclude>
    <ClInclude Include="RenderComponent.hpp">
      <Filter>Renderer\Header</Filter>
    </ClInclude>
    <ClInclude Include="MeshComponent.hpp">
      <Filter>Renderer\Header</Filter>
    </ClInclude>
    <ClInclude Include="Frustum.hpp">
      <Filter>Renderer\Header</Filter>
    </ClInclude>
    <ClInclude Include="Plane.hpp">
      <Filter>Physics\Header</Filter>
    </ClInclude>
    <ClInclude Include="TransformComponent.hpp">
      <Filter>Physics\Header</Filter>
    </ClInclude>
    <ClInclude Include="PhysicsSystem.hpp">
      <Filter>Physics\Header</Filter>
    </ClInclude>
    <ClInclude Include="ColliderComponent.hpp">
      <Filter>Physics\Header</Filter>
    </ClInclude>
    <ClInclude Include="AABB.hpp">
      <Filter>Physics\Header</Filter>
    </ClInclude>
  </ItemGroup>
</Project>